
Microsoft Visual Studio Solution File, Format Version 12.00
# Visual Studio Version 17
VisualStudioVersion = 17.11.35312.102
MinimumVisualStudioVersion = 10.0.40219.1
Project("{FAE04EC0-301F-11D3-BF4B-00C04F79EFBC}") = "Lab1Part1", "Lab1Part1.csproj", "{CBE8D216-243D-4745-B22C-4E6FD5F20FA9}"
EndProject
Global
	GlobalSection(SolutionConfigurationPlatforms) = preSolution
		Debug|Any CPU = Debug|Any CPU
		Release|Any CPU = Release|Any CPU
	EndGlobalSection
	GlobalSection(ProjectConfigurationPlatforms) = postSolution
		{CBE8D216-243D-4745-B22C-4E6FD5F20FA9}.Debug|Any CPU.ActiveCfg = Debug|Any CPU
		{CBE8D216-243D-4745-B22C-4E6FD5F20FA9}.Debug|Any CPU.Build.0 = Debug|Any CPU
		{CBE8D216-243D-4745-B22C-4E6FD5F20FA9}.Release|Any CPU.ActiveCfg = Release|Any CPU
		{CBE8D216-243D-4745-B22C-4E6FD5F20FA9}.Release|Any CPU.Build.0 = Release|Any CPU
	EndGlobalSection
	GlobalSection(SolutionProperties) = preSolution
		HideSolutionNode = FALSE
	EndGlobalSection
	GlobalSection(ExtensibilityGlobals) = postSolution
		SolutionGuid = {B8CF6435-732A-4FD9-9382-35523A604DD8}
	EndGlobalSection
EndGlobal
