
Microsoft Visual Studio Solution File, Format Version 12.00
# Visual Studio Version 17
VisualStudioVersion = 17.11.35312.102
MinimumVisualStudioVersion = 10.0.40219.1
Project("{FAE04EC0-301F-11D3-BF4B-00C04F79EFBC}") = "Lab4Part3", "Lab4Part3.csproj", "{6A87CBF6-AE37-439F-9B48-D874CECF026B}"
EndProject
Global
	GlobalSection(SolutionConfigurationPlatforms) = preSolution
		Debug|Any CPU = Debug|Any CPU
		Release|Any CPU = Release|Any CPU
	EndGlobalSection
	GlobalSection(ProjectConfigurationPlatforms) = postSolution
		{6A87CBF6-AE37-439F-9B48-D874CECF026B}.Debug|Any CPU.ActiveCfg = Debug|Any CPU
		{6A87CBF6-AE37-439F-9B48-D874CECF026B}.Debug|Any CPU.Build.0 = Debug|Any CPU
		{6A87CBF6-AE37-439F-9B48-D874CECF026B}.Release|Any CPU.ActiveCfg = Release|Any CPU
		{6A87CBF6-AE37-439F-9B48-D874CECF026B}.Release|Any CPU.Build.0 = Release|Any CPU
	EndGlobalSection
	GlobalSection(SolutionProperties) = preSolution
		HideSolutionNode = FALSE
	EndGlobalSection
	GlobalSection(ExtensibilityGlobals) = postSolution
		SolutionGuid = {BB7A53EC-24BD-42DE-BCBF-45210EDF0569}
	EndGlobalSection
EndGlobal
