
Microsoft Visual Studio Solution File, Format Version 12.00
# Visual Studio Version 17
VisualStudioVersion = 17.11.35327.3
MinimumVisualStudioVersion = 10.0.40219.1
Project("{9A19103F-16F7-4668-BE54-9A1E7A4F7556}") = "StudentClassLibrary", "StudentClassLibrary\StudentClassLibrary.csproj", "{0D0C4579-2C6F-4F4E-9815-03C10B90BAA9}"
EndProject
Project("{FAE04EC0-301F-11D3-BF4B-00C04F79EFBC}") = "StudentConsoleApp", "StudentConsoleApp\StudentConsoleApp.csproj", "{1278EDD7-C47E-4CCC-8204-4984596D5C36}"
	ProjectSection(ProjectDependencies) = postProject
		{0D0C4579-2C6F-4F4E-9815-03C10B90BAA9} = {0D0C4579-2C6F-4F4E-9815-03C10B90BAA9}
	EndProjectSection
EndProject
Global
	GlobalSection(SolutionConfigurationPlatforms) = preSolution
		Debug|Any CPU = Debug|Any CPU
		Release|Any CPU = Release|Any CPU
	EndGlobalSection
	GlobalSection(ProjectConfigurationPlatforms) = postSolution
		{0D0C4579-2C6F-4F4E-9815-03C10B90BAA9}.Debug|Any CPU.ActiveCfg = Debug|Any CPU
		{0D0C4579-2C6F-4F4E-9815-03C10B90BAA9}.Debug|Any CPU.Build.0 = Debug|Any CPU
		{0D0C4579-2C6F-4F4E-9815-03C10B90BAA9}.Release|Any CPU.ActiveCfg = Release|Any CPU
		{0D0C4579-2C6F-4F4E-9815-03C10B90BAA9}.Release|Any CPU.Build.0 = Release|Any CPU
		{1278EDD7-C47E-4CCC-8204-4984596D5C36}.Debug|Any CPU.ActiveCfg = Debug|Any CPU
		{1278EDD7-C47E-4CCC-8204-4984596D5C36}.Debug|Any CPU.Build.0 = Debug|Any CPU
		{1278EDD7-C47E-4CCC-8204-4984596D5C36}.Release|Any CPU.ActiveCfg = Release|Any CPU
		{1278EDD7-C47E-4CCC-8204-4984596D5C36}.Release|Any CPU.Build.0 = Release|Any CPU
	EndGlobalSection
	GlobalSection(SolutionProperties) = preSolution
		HideSolutionNode = FALSE
	EndGlobalSection
	GlobalSection(ExtensibilityGlobals) = postSolution
		SolutionGuid = {B8E1C336-6591-4349-AF0E-72DD83C99EF9}
	EndGlobalSection
EndGlobal
